
Microsoft Visual Studio Solution File, Format Version 12.00
# Visual Studio Version 16
VisualStudioVersion = 16.0.30517.126
MinimumVisualStudioVersion = 10.0.40219.1
Project("{8BC9CEB8-8B4A-11D0-8D11-00A0C91BC942}") = "Estacionamento OpenMP", "Estacionamento OpenMP.vcxproj", "{2ADBE3F4-372A-491F-BD61-BF679FF0DA1A}"
EndProject
Global
	GlobalSection(SolutionConfigurationPlatforms) = preSolution
		Debug|x64 = Debug|x64
		Debug|x86 = Debug|x86
		Release|x64 = Release|x64
		Release|x86 = Release|x86
	EndGlobalSection
	GlobalSection(ProjectConfigurationPlatforms) = postSolution
		{2ADBE3F4-372A-491F-BD61-BF679FF0DA1A}.Debug|x64.ActiveCfg = Debug|x64
		{2ADBE3F4-372A-491F-BD61-BF679FF0DA1A}.Debug|x64.Build.0 = Debug|x64
		{2ADBE3F4-372A-491F-BD61-BF679FF0DA1A}.Debug|x86.ActiveCfg = Debug|Win32
		{2ADBE3F4-372A-491F-BD61-BF679FF0DA1A}.Debug|x86.Build.0 = Debug|Win32
		{2ADBE3F4-372A-491F-BD61-BF679FF0DA1A}.Release|x64.ActiveCfg = Release|x64
		{2ADBE3F4-372A-491F-BD61-BF679FF0DA1A}.Release|x64.Build.0 = Release|x64
		{2ADBE3F4-372A-491F-BD61-BF679FF0DA1A}.Release|x86.ActiveCfg = Release|Win32
		{2ADBE3F4-372A-491F-BD61-BF679FF0DA1A}.Release|x86.Build.0 = Release|Win32
	EndGlobalSection
	GlobalSection(SolutionProperties) = preSolution
		HideSolutionNode = FALSE
	EndGlobalSection
	GlobalSection(ExtensibilityGlobals) = postSolution
		SolutionGuid = {F250418B-36D0-4569-99C9-241901D56CC1}
	EndGlobalSection
EndGlobal
